{
  "name": "gamejs",
  "version": "1.0.0",
  "lockfileVersion": 2,
  "requires": true,
  "packages": {
    "": {
      "name": "gamejs",
      "version": "1.0.0",
      "license": "MIT",
      "workspaces": [
        "packages/core",
        "packages/2d",
        "packages/3d",
        "packages/audio",
        "packages/showcase",
        "packages/tools"
      ]
    },
    "node_modules/2d": {
      "resolved": "packages/2d",
      "link": true
    },
    "node_modules/3d": {
      "resolved": "packages/3d",
      "link": true
    },
    "node_modules/audio": {
      "resolved": "packages/audio",
      "link": true
    },
    "node_modules/core": {
      "resolved": "packages/core",
      "link": true
    },
    "node_modules/showcase": {
      "resolved": "packages/showcase",
      "link": true
    },
    "node_modules/tools": {
      "resolved": "packages/tools",
      "link": true
    },
    "node_modules/typescript": {
      "version": "5.2.2",
      "resolved": "https://registry.npmjs.org/typescript/-/typescript-5.2.2.tgz",
      "integrity": "sha512-mI4WrpHsbCIcwT9cF4FZvr80QUeKvsUsUvKDoR+X/7XHQH98xYD8YHZg7ANtz2GtZt/CBq2QJ0thkGJMHfqc1w==",
      "bin": {
        "tsc": "bin/tsc",
        "tsserver": "bin/tsserver"
      },
      "engines": {
        "node": ">=14.17"
      }
    },
    "packages/2d": {
      "version": "1.0.0",
      "license": "MIT",
      "dependencies": {
        "typescript": "^5.2.2"
      }
    },
    "packages/3d": {
      "version": "1.0.0",
      "license": "MIT"
    },
    "packages/audio": {
      "version": "1.0.0",
      "license": "MIT"
    },
    "packages/core": {
      "version": "1.0.0",
      "license": "MIT",
      "dependencies": {
        "typescript": "^5.2.2"
      }
    },
    "packages/input": {
      "version": "1.0.0",
      "extraneous": true,
      "license": "ISC",
      "devDependencies": {}
    },
    "packages/showcase": {
      "version": "1.0.0",
      "license": "MIT"
    },
    "packages/tools": {
      "version": "1.0.0",
      "license": "MIT"
    }
  },
  "dependencies": {
    "2d": {
      "version": "file:packages/2d",
      "requires": {
        "typescript": "^5.2.2"
      }
    },
    "3d": {
      "version": "file:packages/3d"
    },
    "audio": {
      "version": "file:packages/audio"
    },
    "core": {
      "version": "file:packages/core",
      "requires": {
        "typescript": "^5.2.2"
      }
    },
    "showcase": {
      "version": "file:packages/showcase"
    },
    "tools": {
      "version": "file:packages/tools"
    },
    "typescript": {
      "version": "5.2.2",
      "resolved": "https://registry.npmjs.org/typescript/-/typescript-5.2.2.tgz",
      "integrity": "sha512-mI4WrpHsbCIcwT9cF4FZvr80QUeKvsUsUvKDoR+X/7XHQH98xYD8YHZg7ANtz2GtZt/CBq2QJ0thkGJMHfqc1w=="
    }
  }
}
